
Microsoft Visual Studio Solution File, Format Version 12.00
# Visual Studio 14
VisualStudioVersion = 14.0.24720.0
MinimumVisualStudioVersion = 10.0.40219.1
Project("{FAE04EC0-301F-11D3-BF4B-00C04F79EFBC}") = "wwiv-update", "wwiv-update\wwiv-update.csproj", "{75E6FD16-A269-4FB5-9B88-14A6DF9D7FD0}"
EndProject
Global
	GlobalSection(SolutionConfigurationPlatforms) = preSolution
		Debug|Any CPU = Debug|Any CPU
		Release|Any CPU = Release|Any CPU
	EndGlobalSection
	GlobalSection(ProjectConfigurationPlatforms) = postSolution
		{75E6FD16-A269-4FB5-9B88-14A6DF9D7FD0}.Debug|Any CPU.ActiveCfg = Debug|Any CPU
		{75E6FD16-A269-4FB5-9B88-14A6DF9D7FD0}.Debug|Any CPU.Build.0 = Debug|Any CPU
		{75E6FD16-A269-4FB5-9B88-14A6DF9D7FD0}.Release|Any CPU.ActiveCfg = Release|Any CPU
		{75E6FD16-A269-4FB5-9B88-14A6DF9D7FD0}.Release|Any CPU.Build.0 = Release|Any CPU
	EndGlobalSection
	GlobalSection(SolutionProperties) = preSolution
		HideSolutionNode = FALSE
	EndGlobalSection
EndGlobal
